
Microsoft Visual Studio Solution File, Format Version 12.00
# Visual Studio 15
VisualStudioVersion = 15.0.26730.16
MinimumVisualStudioVersion = 10.0.40219.1
Project("{FAE04EC0-301F-11D3-BF4B-00C04F79EFBC}") = "Mercury23XGroupFormsApp", "teplouchetapp\Mercury23XGroupFormsApp.csproj", "{7ED59FE9-188B-496D-9C5F-384516C1065B}"
EndProject
Project("{FAE04EC0-301F-11D3-BF4B-00C04F79EFBC}") = "Mercury23XDriver", "Mercury23XDriver\Mercury23XDriver.csproj", "{9D781833-4219-4C11-89BB-6D0160131414}"
EndProject
Global
	GlobalSection(SolutionConfigurationPlatforms) = preSolution
		Debug|Any CPU = Debug|Any CPU
		Debug|x86 = Debug|x86
		Release|Any CPU = Release|Any CPU
		Release|x86 = Release|x86
	EndGlobalSection
	GlobalSection(ProjectConfigurationPlatforms) = postSolution
		{7ED59FE9-188B-496D-9C5F-384516C1065B}.Debug|Any CPU.ActiveCfg = Debug|x86
		{7ED59FE9-188B-496D-9C5F-384516C1065B}.Debug|x86.ActiveCfg = Debug|x86
		{7ED59FE9-188B-496D-9C5F-384516C1065B}.Debug|x86.Build.0 = Debug|x86
		{7ED59FE9-188B-496D-9C5F-384516C1065B}.Release|Any CPU.ActiveCfg = Release|x86
		{7ED59FE9-188B-496D-9C5F-384516C1065B}.Release|x86.ActiveCfg = Release|x86
		{7ED59FE9-188B-496D-9C5F-384516C1065B}.Release|x86.Build.0 = Release|x86
		{9D781833-4219-4C11-89BB-6D0160131414}.Debug|Any CPU.ActiveCfg = Debug|Any CPU
		{9D781833-4219-4C11-89BB-6D0160131414}.Debug|Any CPU.Build.0 = Debug|Any CPU
		{9D781833-4219-4C11-89BB-6D0160131414}.Debug|x86.ActiveCfg = Debug|Any CPU
		{9D781833-4219-4C11-89BB-6D0160131414}.Debug|x86.Build.0 = Debug|Any CPU
		{9D781833-4219-4C11-89BB-6D0160131414}.Release|Any CPU.ActiveCfg = Release|Any CPU
		{9D781833-4219-4C11-89BB-6D0160131414}.Release|Any CPU.Build.0 = Release|Any CPU
		{9D781833-4219-4C11-89BB-6D0160131414}.Release|x86.ActiveCfg = Release|Any CPU
		{9D781833-4219-4C11-89BB-6D0160131414}.Release|x86.Build.0 = Release|Any CPU
	EndGlobalSection
	GlobalSection(SolutionProperties) = preSolution
		HideSolutionNode = FALSE
	EndGlobalSection
	GlobalSection(ExtensibilityGlobals) = postSolution
		SolutionGuid = {C7888CC9-E199-4938-AB04-F9821CA2E46C}
	EndGlobalSection
EndGlobal
